// !$*UTF8*$!
{
	archiveVersion = 1;
	classes = {
	};
	objectVersion = 56;
	objects = {

/* Begin PBXBuildFile section */
		4D30BCBB28DB821000733589 /* littleCVApp.swift in Sources */ = {isa = PBXBuildFile; fileRef = 4D30BCBA28DB821000733589 /* littleCVApp.swift */; };
		4D30BCBD28DB821000733589 /* ContentView.swift in Sources */ = {isa = PBXBuildFile; fileRef = 4D30BCBC28DB821000733589 /* ContentView.swift */; };
		4D30BCBF28DB821100733589 /* Assets.xcassets in Resources */ = {isa = PBXBuildFile; fileRef = 4D30BCBE28DB821100733589 /* Assets.xcassets */; };
		4D30BCC328DB821100733589 /* Preview Assets.xcassets in Resources */ = {isa = PBXBuildFile; fileRef = 4D30BCC228DB821100733589 /* Preview Assets.xcassets */; };
		4D30BCCD28DB821100733589 /* littleCVTests.swift in Sources */ = {isa = PBXBuildFile; fileRef = 4D30BCCC28DB821100733589 /* littleCVTests.swift */; };
		4D30BCD728DB821100733589 /* littleCVUITests.swift in Sources */ = {isa = PBXBuildFile; fileRef = 4D30BCD628DB821100733589 /* littleCVUITests.swift */; };
		4D30BCD928DB821100733589 /* littleCVUITestsLaunchTests.swift in Sources */ = {isa = PBXBuildFile; fileRef = 4D30BCD828DB821100733589 /* littleCVUITestsLaunchTests.swift */; };
/* End PBXBuildFile section */

/* Begin PBXContainerItemProxy section */
		4D30BCC928DB821100733589 /* PBXContainerItemProxy */ = {
			isa = PBXContainerItemProxy;
			containerPortal = 4D30BCAF28DB821000733589 /* Project object */;
			proxyType = 1;
			remoteGlobalIDString = 4D30BCB628DB821000733589;
			remoteInfo = littleCV;
		};
		4D30BCD328DB821100733589 /* PBXContainerItemProxy */ = {
			isa = PBXContainerItemProxy;
			containerPortal = 4D30BCAF28DB821000733589 /* Project object */;
			proxyType = 1;
			remoteGlobalIDString = 4D30BCB628DB821000733589;
			remoteInfo = littleCV;
		};
/* End PBXContainerItemProxy section */

/* Begin PBXFileReference section */
		4D30BCB728DB821000733589 /* littleCV.app */ = {isa = PBXFileReference; explicitFileType = wrapper.application; includeInIndex = 0; path = littleCV.app; sourceTree = BUILT_PRODUCTS_DIR; };
		4D30BCBA28DB821000733589 /* littleCVApp.swift */ = {isa = PBXFileReference; lastKnownFileType = sourcecode.swift; path = littleCVApp.swift; sourceTree = "<group>"; };
		4D30BCBC28DB821000733589 /* ContentView.swift */ = {isa = PBXFileReference; lastKnownFileType = sourcecode.swift; path = ContentView.swift; sourceTree = "<group>"; };
		4D30BCBE28DB821100733589 /* Assets.xcassets */ = {isa = PBXFileReference; lastKnownFileType = folder.assetcatalog; path = Assets.xcassets; sourceTree = "<group>"; };
		4D30BCC028DB821100733589 /* littleCV.entitlements */ = {isa = PBXFileReference; lastKnownFileType = text.plist.entitlements; path = littleCV.entitlements; sourceTree = "<group>"; };
		4D30BCC228DB821100733589 /* Preview Assets.xcassets */ = {isa = PBXFileReference; lastKnownFileType = folder.assetcatalog; path = "Preview Assets.xcassets"; sourceTree = "<group>"; };
		4D30BCC828DB821100733589 /* littleCVTests.xctest */ = {isa = PBXFileReference; explicitFileType = wrapper.cfbundle; includeInIndex = 0; path = littleCVTests.xctest; sourceTree = BUILT_PRODUCTS_DIR; };
		4D30BCCC28DB821100733589 /* littleCVTests.swift */ = {isa = PBXFileReference; lastKnownFileType = sourcecode.swift; path = littleCVTests.swift; sourceTree = "<group>"; };
		4D30BCD228DB821100733589 /* littleCVUITests.xctest */ = {isa = PBXFileReference; explicitFileType = wrapper.cfbundle; includeInIndex = 0; path = littleCVUITests.xctest; sourceTree = BUILT_PRODUCTS_DIR; };
		4D30BCD628DB821100733589 /* littleCVUITests.swift */ = {isa = PBXFileReference; lastKnownFileType = sourcecode.swift; path = littleCVUITests.swift; sourceTree = "<group>"; };
		4D30BCD828DB821100733589 /* littleCVUITestsLaunchTests.swift */ = {isa = PBXFileReference; lastKnownFileType = sourcecode.swift; path = littleCVUITestsLaunchTests.swift; sourceTree = "<group>"; };
/* End PBXFileReference section */

/* Begin PBXFrameworksBuildPhase section */
		4D30BCB428DB821000733589 /* Frameworks */ = {
			isa = PBXFrameworksBuildPhase;
			buildActionMask = 2147483647;
			files = (
			);
			runOnlyForDeploymentPostprocessing = 0;
		};
		4D30BCC528DB821100733589 /* Frameworks */ = {
			isa = PBXFrameworksBuildPhase;
			buildActionMask = 2147483647;
			files = (
			);
			runOnlyForDeploymentPostprocessing = 0;
		};
		4D30BCCF28DB821100733589 /* Frameworks */ = {
			isa = PBXFrameworksBuildPhase;
			buildActionMask = 2147483647;
			files = (
			);
			runOnlyForDeploymentPostprocessing = 0;
		};
/* End PBXFrameworksBuildPhase section */

/* Begin PBXGroup section */
		4D30BCAE28DB821000733589 = {
			isa = PBXGroup;
			children = (
				4D30BCB928DB821000733589 /* littleCV */,
				4D30BCCB28DB821100733589 /* littleCVTests */,
				4D30BCD528DB821100733589 /* littleCVUITests */,
				4D30BCB828DB821000733589 /* Products */,
			);
			sourceTree = "<group>";
		};
		4D30BCB828DB821000733589 /* Products */ = {
			isa = PBXGroup;
			children = (
				4D30BCB728DB821000733589 /* littleCV.app */,
				4D30BCC828DB821100733589 /* littleCVTests.xctest */,
				4D30BCD228DB821100733589 /* littleCVUITests.xctest */,
			);
			name = Products;
			sourceTree = "<group>";
		};
		4D30BCB928DB821000733589 /* littleCV */ = {
			isa = PBXGroup;
			children = (
				4D30BCBA28DB821000733589 /* littleCVApp.swift */,
				4D30BCBC28DB821000733589 /* ContentView.swift */,
				4D30BCBE28DB821100733589 /* Assets.xcassets */,
				4D30BCC028DB821100733589 /* littleCV.entitlements */,
				4D30BCC128DB821100733589 /* Preview Content */,
			);
			path = littleCV;
			sourceTree = "<group>";
		};
		4D30BCC128DB821100733589 /* Preview Content */ = {
			isa = PBXGroup;
			children = (
				4D30BCC228DB821100733589 /* Preview Assets.xcassets */,
			);
			path = "Preview Content";
			sourceTree = "<group>";
		};
		4D30BCCB28DB821100733589 /* littleCVTests */ = {
			isa = PBXGroup;
			children = (
				4D30BCCC28DB821100733589 /* littleCVTests.swift */,
			);
			path = littleCVTests;
			sourceTree = "<group>";
		};
		4D30BCD528DB821100733589 /* littleCVUITests */ = {
			isa = PBXGroup;
			children = (
				4D30BCD628DB821100733589 /* littleCVUITests.swift */,
				4D30BCD828DB821100733589 /* littleCVUITestsLaunchTests.swift */,
			);
			path = littleCVUITests;
			sourceTree = "<group>";
		};
/* End PBXGroup section */

/* Begin PBXNativeTarget section */
		4D30BCB628DB821000733589 /* littleCV */ = {
			isa = PBXNativeTarget;
			buildConfigurationList = 4D30BCDC28DB821100733589 /* Build configuration list for PBXNativeTarget "littleCV" */;
			buildPhases = (
				4D30BCB328DB821000733589 /* Sources */,
				4D30BCB428DB821000733589 /* Frameworks */,
				4D30BCB528DB821000733589 /* Resources */,
			);
			buildRules = (
			);
			dependencies = (
			);
			name = littleCV;
			productName = littleCV;
			productReference = 4D30BCB728DB821000733589 /* littleCV.app */;
			productType = "com.apple.product-type.application";
		};
		4D30BCC728DB821100733589 /* littleCVTests */ = {
			isa = PBXNativeTarget;
			buildConfigurationList = 4D30BCDF28DB821100733589 /* Build configuration list for PBXNativeTarget "littleCVTests" */;
			buildPhases = (
				4D30BCC428DB821100733589 /* Sources */,
				4D30BCC528DB821100733589 /* Frameworks */,
				4D30BCC628DB821100733589 /* Resources */,
			);
			buildRules = (
			);
			dependencies = (
				4D30BCCA28DB821100733589 /* PBXTargetDependency */,
			);
			name = littleCVTests;
			productName = littleCVTests;
			productReference = 4D30BCC828DB821100733589 /* littleCVTests.xctest */;
			productType = "com.apple.product-type.bundle.unit-test";
		};
		4D30BCD128DB821100733589 /* littleCVUITests */ = {
			isa = PBXNativeTarget;
			buildConfigurationList = 4D30BCE228DB821100733589 /* Build configuration list for PBXNativeTarget "littleCVUITests" */;
			buildPhases = (
				4D30BCCE28DB821100733589 /* Sources */,
				4D30BCCF28DB821100733589 /* Frameworks */,
				4D30BCD028DB821100733589 /* Resources */,
			);
			buildRules = (
			);
			dependencies = (
				4D30BCD428DB821100733589 /* PBXTargetDependency */,
			);
			name = littleCVUITests;
			productName = littleCVUITests;
			productReference = 4D30BCD228DB821100733589 /* littleCVUITests.xctest */;
			productType = "com.apple.product-type.bundle.ui-testing";
		};
/* End PBXNativeTarget section */

/* Begin PBXProject section */
		4D30BCAF28DB821000733589 /* Project object */ = {
			isa = PBXProject;
			attributes = {
				BuildIndependentTargetsInParallel = 1;
				LastSwiftUpdateCheck = 1400;
				LastUpgradeCheck = 1400;
				TargetAttributes = {
					4D30BCB628DB821000733589 = {
						CreatedOnToolsVersion = 14.0;
					};
					4D30BCC728DB821100733589 = {
						CreatedOnToolsVersion = 14.0;
						TestTargetID = 4D30BCB628DB821000733589;
					};
					4D30BCD128DB821100733589 = {
						CreatedOnToolsVersion = 14.0;
						TestTargetID = 4D30BCB628DB821000733589;
					};
				};
			};
			buildConfigurationList = 4D30BCB228DB821000733589 /* Build configuration list for PBXProject "littleCV" */;
			compatibilityVersion = "Xcode 14.0";
			developmentRegion = en;
			hasScannedForEncodings = 0;
			knownRegions = (
				en,
				Base,
			);
			mainGroup = 4D30BCAE28DB821000733589;
			productRefGroup = 4D30BCB828DB821000733589 /* Products */;
			projectDirPath = "";
			projectRoot = "";
			targets = (
				4D30BCB628DB821000733589 /* littleCV */,
				4D30BCC728DB821100733589 /* littleCVTests */,
				4D30BCD128DB821100733589 /* littleCVUITests */,
			);
		};
/* End PBXProject section */

/* Begin PBXResourcesBuildPhase section */
		4D30BCB528DB821000733589 /* Resources */ = {
			isa = PBXResourcesBuildPhase;
			buildActionMask = 2147483647;
			files = (
				4D30BCC328DB821100733589 /* Preview Assets.xcassets in Resources */,
				4D30BCBF28DB821100733589 /* Assets.xcassets in Resources */,
			);
			runOnlyForDeploymentPostprocessing = 0;
		};
		4D30BCC628DB821100733589 /* Resources */ = {
			isa = PBXResourcesBuildPhase;
			buildActionMask = 2147483647;
			files = (
			);
			runOnlyForDeploymentPostprocessing = 0;
		};
		4D30BCD028DB821100733589 /* Resources */ = {
			isa = PBXResourcesBuildPhase;
			buildActionMask = 2147483647;
			files = (
			);
			runOnlyForDeploymentPostprocessing = 0;
		};
/* End PBXResourcesBuildPhase section */

/* Begin PBXSourcesBuildPhase section */
		4D30BCB328DB821000733589 /* Sources */ = {
			isa = PBXSourcesBuildPhase;
			buildActionMask = 2147483647;
			files = (
				4D30BCBD28DB821000733589 /* ContentView.swift in Sources */,
				4D30BCBB28DB821000733589 /* littleCVApp.swift in Sources */,
			);
			runOnlyForDeploymentPostprocessing = 0;
		};
		4D30BCC428DB821100733589 /* Sources */ = {
			isa = PBXSourcesBuildPhase;
			buildActionMask = 2147483647;
			files = (
				4D30BCCD28DB821100733589 /* littleCVTests.swift in Sources */,
			);
			runOnlyForDeploymentPostprocessing = 0;
		};
		4D30BCCE28DB821100733589 /* Sources */ = {
			isa = PBXSourcesBuildPhase;
			buildActionMask = 2147483647;
			files = (
				4D30BCD928DB821100733589 /* littleCVUITestsLaunchTests.swift in Sources */,
				4D30BCD728DB821100733589 /* littleCVUITests.swift in Sources */,
			);
			runOnlyForDeploymentPostprocessing = 0;
		};
/* End PBXSourcesBuildPhase section */

/* Begin PBXTargetDependency section */
		4D30BCCA28DB821100733589 /* PBXTargetDependency */ = {
			isa = PBXTargetDependency;
			target = 4D30BCB628DB821000733589 /* littleCV */;
			targetProxy = 4D30BCC928DB821100733589 /* PBXContainerItemProxy */;
		};
		4D30BCD428DB821100733589 /* PBXTargetDependency */ = {
			isa = PBXTargetDependency;
			target = 4D30BCB628DB821000733589 /* littleCV */;
			targetProxy = 4D30BCD328DB821100733589 /* PBXContainerItemProxy */;
		};
/* End PBXTargetDependency section */

/* Begin XCBuildConfiguration section */
		4D30BCDA28DB821100733589 /* Debug */ = {
			isa = XCBuildConfiguration;
			buildSettings = {
				ALWAYS_SEARCH_USER_PATHS = NO;
				CLANG_ANALYZER_NONNULL = YES;
				CLANG_ANALYZER_NUMBER_OBJECT_CONVERSION = YES_AGGRESSIVE;
				CLANG_CXX_LANGUAGE_STANDARD = "gnu++20";
				CLANG_ENABLE_MODULES = YES;
				CLANG_ENABLE_OBJC_ARC = YES;
				CLANG_ENABLE_OBJC_WEAK = YES;
				CLANG_WARN_BLOCK_CAPTURE_AUTORELEASING = YES;
				CLANG_WARN_BOOL_CONVERSION = YES;
				CLANG_WARN_COMMA = YES;
				CLANG_WARN_CONSTANT_CONVERSION = YES;
				CLANG_WARN_DEPRECATED_OBJC_IMPLEMENTATIONS = YES;
				CLANG_WARN_DIRECT_OBJC_ISA_USAGE = YES_ERROR;
				CLANG_WARN_DOCUMENTATION_COMMENTS = YES;
				CLANG_WARN_EMPTY_BODY = YES;
				CLANG_WARN_ENUM_CONVERSION = YES;
				CLANG_WARN_INFINITE_RECURSION = YES;
				CLANG_WARN_INT_CONVERSION = YES;
				CLANG_WARN_NON_LITERAL_NULL_CONVERSION = YES;
				CLANG_WARN_OBJC_IMPLICIT_RETAIN_SELF = YES;
				CLANG_WARN_OBJC_LITERAL_CONVERSION = YES;
				CLANG_WARN_OBJC_ROOT_CLASS = YES_ERROR;
				CLANG_WARN_QUOTED_INCLUDE_IN_FRAMEWORK_HEADER = YES;
				CLANG_WARN_RANGE_LOOP_ANALYSIS = YES;
				CLANG_WARN_STRICT_PROTOTYPES = YES;
				CLANG_WARN_SUSPICIOUS_MOVE = YES;
				CLANG_WARN_UNGUARDED_AVAILABILITY = YES_AGGRESSIVE;
				CLANG_WARN_UNREACHABLE_CODE = YES;
				CLANG_WARN__DUPLICATE_METHOD_MATCH = YES;
				COPY_PHASE_STRIP = NO;
				DEBUG_INFORMATION_FORMAT = dwarf;
				ENABLE_STRICT_OBJC_MSGSEND = YES;
				ENABLE_TESTABILITY = YES;
				GCC_C_LANGUAGE_STANDARD = gnu11;
				GCC_DYNAMIC_NO_PIC = NO;
				GCC_NO_COMMON_BLOCKS = YES;
				GCC_OPTIMIZATION_LEVEL = 0;
				GCC_PREPROCESSOR_DEFINITIONS = (
					"DEBUG=1",
					"$(inherited)",
				);
				GCC_WARN_64_TO_32_BIT_CONVERSION = YES;
				GCC_WARN_ABOUT_RETURN_TYPE = YES_ERROR;
				GCC_WARN_UNDECLARED_SELECTOR = YES;
				GCC_WARN_UNINITIALIZED_AUTOS = YES_AGGRESSIVE;
				GCC_WARN_UNUSED_FUNCTION = YES;
				GCC_WARN_UNUSED_VARIABLE = YES;
				MTL_ENABLE_DEBUG_INFO = INCLUDE_SOURCE;
				MTL_FAST_MATH = YES;
				ONLY_ACTIVE_ARCH = YES;
				SWIFT_ACTIVE_COMPILATION_CONDITIONS = DEBUG;
				SWIFT_OPTIMIZATION_LEVEL = "-Onone";
			};
			name = Debug;
		};
		4D30BCDB28DB821100733589 /* Release */ = {
			isa = XCBuildConfiguration;
			buildSettings = {
				ALWAYS_SEARCH_USER_PATHS = NO;
				CLANG_ANALYZER_NONNULL = YES;
				CLANG_ANALYZER_NUMBER_OBJECT_CONVERSION = YES_AGGRESSIVE;
				CLANG_CXX_LANGUAGE_STANDARD = "gnu++20";
				CLANG_ENABLE_MODULES = YES;
				CLANG_ENABLE_OBJC_ARC = YES;
				CLANG_ENABLE_OBJC_WEAK = YES;
				CLANG_WARN_BLOCK_CAPTURE_AUTORELEASING = YES;
				CLANG_WARN_BOOL_CONVERSION = YES;
				CLANG_WARN_COMMA = YES;
				CLANG_WARN_CONSTANT_CONVERSION = YES;
				CLANG_WARN_DEPRECATED_OBJC_IMPLEMENTATIONS = YES;
				CLANG_WARN_DIRECT_OBJC_ISA_USAGE = YES_ERROR;
				CLANG_WARN_DOCUMENTATION_COMMENTS = YES;
				CLANG_WARN_EMPTY_BODY = YES;
				CLANG_WARN_ENUM_CONVERSION = YES;
				CLANG_WARN_INFINITE_RECURSION = YES;
				CLANG_WARN_INT_CONVERSION = YES;
				CLANG_WARN_NON_LITERAL_NULL_CONVERSION = YES;
				CLANG_WARN_OBJC_IMPLICIT_RETAIN_SELF = YES;
				CLANG_WARN_OBJC_LITERAL_CONVERSION = YES;
				CLANG_WARN_OBJC_ROOT_CLASS = YES_ERROR;
				CLANG_WARN_QUOTED_INCLUDE_IN_FRAMEWORK_HEADER = YES;
				CLANG_WARN_RANGE_LOOP_ANALYSIS = YES;
				CLANG_WARN_STRICT_PROTOTYPES = YES;
				CLANG_WARN_SUSPICIOUS_MOVE = YES;
				CLANG_WARN_UNGUARDED_AVAILABILITY = YES_AGGRESSIVE;
				CLANG_WARN_UNREACHABLE_CODE = YES;
				CLANG_WARN__DUPLICATE_METHOD_MATCH = YES;
				COPY_PHASE_STRIP = NO;
				DEBUG_INFORMATION_FORMAT = "dwarf-with-dsym";
				ENABLE_NS_ASSERTIONS = NO;
				ENABLE_STRICT_OBJC_MSGSEND = YES;
				GCC_C_LANGUAGE_STANDARD = gnu11;
				GCC_NO_COMMON_BLOCKS = YES;
				GCC_WARN_64_TO_32_BIT_CONVERSION = YES;
				GCC_WARN_ABOUT_RETURN_TYPE = YES_ERROR;
				GCC_WARN_UNDECLARED_SELECTOR = YES;
				GCC_WARN_UNINITIALIZED_AUTOS = YES_AGGRESSIVE;
				GCC_WARN_UNUSED_FUNCTION = YES;
				GCC_WARN_UNUSED_VARIABLE = YES;
				MTL_ENABLE_DEBUG_INFO = NO;
				MTL_FAST_MATH = YES;
				SWIFT_COMPILATION_MODE = wholemodule;
				SWIFT_OPTIMIZATION_LEVEL = "-O";
			};
			name = Release;
		};
		4D30BCDD28DB821100733589 /* Debug */ = {
			isa = XCBuildConfiguration;
			buildSettings = {
				ASSETCATALOG_COMPILER_APPICON_NAME = AppIcon;
				ASSETCATALOG_COMPILER_GLOBAL_ACCENT_COLOR_NAME = AccentColor;
				CODE_SIGN_ENTITLEMENTS = littleCV/littleCV.entitlements;
				CODE_SIGN_STYLE = Automatic;
				CURRENT_PROJECT_VERSION = 1;
				DEVELOPMENT_ASSET_PATHS = "\"littleCV/Preview Content\"";
				ENABLE_PREVIEWS = YES;
				GENERATE_INFOPLIST_FILE = YES;
				"INFOPLIST_KEY_UIApplicationSceneManifest_Generation[sdk=iphoneos*]" = YES;
				"INFOPLIST_KEY_UIApplicationSceneManifest_Generation[sdk=iphonesimulator*]" = YES;
				"INFOPLIST_KEY_UIApplicationSupportsIndirectInputEvents[sdk=iphoneos*]" = YES;
				"INFOPLIST_KEY_UIApplicationSupportsIndirectInputEvents[sdk=iphonesimulator*]" = YES;
				"INFOPLIST_KEY_UILaunchScreen_Generation[sdk=iphoneos*]" = YES;
				"INFOPLIST_KEY_UILaunchScreen_Generation[sdk=iphonesimulator*]" = YES;
				"INFOPLIST_KEY_UIStatusBarStyle[sdk=iphoneos*]" = UIStatusBarStyleDefault;
				"INFOPLIST_KEY_UIStatusBarStyle[sdk=iphonesimulator*]" = UIStatusBarStyleDefault;
				INFOPLIST_KEY_UISupportedInterfaceOrientations_iPad = "UIInterfaceOrientationPortrait UIInterfaceOrientationPortraitUpsideDown UIInterfaceOrientationLandscapeLeft UIInterfaceOrientationLandscapeRight";
				INFOPLIST_KEY_UISupportedInterfaceOrientations_iPhone = "UIInterfaceOrientationPortrait UIInterfaceOrientationLandscapeLeft UIInterfaceOrientationLandscapeRight";
				IPHONEOS_DEPLOYMENT_TARGET = 16.0;
				LD_RUNPATH_SEARCH_PATHS = "@executable_path/Frameworks";
				"LD_RUNPATH_SEARCH_PATHS[sdk=macosx*]" = "@executable_path/../Frameworks";
				MACOSX_DEPLOYMENT_TARGET = 12.3;
				MARKETING_VERSION = 1.0;
				PRODUCT_BUNDLE_IDENTIFIER = kreier.littleCV;
				PRODUCT_NAME = "$(TARGET_NAME)";
				SDKROOT = auto;
				SUPPORTED_PLATFORMS = "iphoneos iphonesimulator macosx";
				SWIFT_EMIT_LOC_STRINGS = YES;
				SWIFT_VERSION = 5.0;
				TARGETED_DEVICE_FAMILY = "1,2";
			};
			name = Debug;
		};
		4D30BCDE28DB821100733589 /* Release */ = {
			isa = XCBuildConfiguration;
			buildSettings = {
				ASSETCATALOG_COMPILER_APPICON_NAME = AppIcon;
				ASSETCATALOG_COMPILER_GLOBAL_ACCENT_COLOR_NAME = AccentColor;
				CODE_SIGN_ENTITLEMENTS = littleCV/littleCV.entitlements;
				CODE_SIGN_STYLE = Automatic;
				CURRENT_PROJECT_VERSION = 1;
				DEVELOPMENT_ASSET_PATHS = "\"littleCV/Preview Content\"";
				ENABLE_PREVIEWS = YES;
				GENERATE_INFOPLIST_FILE = YES;
				"INFOPLIST_KEY_UIApplicationSceneManifest_Generation[sdk=iphoneos*]" = YES;
				"INFOPLIST_KEY_UIApplicationSceneManifest_Generation[sdk=iphonesimulator*]" = YES;
				"INFOPLIST_KEY_UIApplicationSupportsIndirectInputEvents[sdk=iphoneos*]" = YES;
				"INFOPLIST_KEY_UIApplicationSupportsIndirectInputEvents[sdk=iphonesimulator*]" = YES;
				"INFOPLIST_KEY_UILaunchScreen_Generation[sdk=iphoneos*]" = YES;
				"INFOPLIST_KEY_UILaunchScreen_Generation[sdk=iphonesimulator*]" = YES;
				"INFOPLIST_KEY_UIStatusBarStyle[sdk=iphoneos*]" = UIStatusBarStyleDefault;
				"INFOPLIST_KEY_UIStatusBarStyle[sdk=iphonesimulator*]" = UIStatusBarStyleDefault;
				INFOPLIST_KEY_UISupportedInterfaceOrientations_iPad = "UIInterfaceOrientationPortrait UIInterfaceOrientationPortraitUpsideDown UIInterfaceOrientationLandscapeLeft UIInterfaceOrientationLandscapeRight";
				INFOPLIST_KEY_UISupportedInterfaceOrientations_iPhone = "UIInterfaceOrientationPortrait UIInterfaceOrientationLandscapeLeft UIInterfaceOrientationLandscapeRight";
				IPHONEOS_DEPLOYMENT_TARGET = 16.0;
				LD_RUNPATH_SEARCH_PATHS = "@executable_path/Frameworks";
				"LD_RUNPATH_SEARCH_PATHS[sdk=macosx*]" = "@executable_path/../Frameworks";
				MACOSX_DEPLOYMENT_TARGET = 12.3;
				MARKETING_VERSION = 1.0;
				PRODUCT_BUNDLE_IDENTIFIER = kreier.littleCV;
				PRODUCT_NAME = "$(TARGET_NAME)";
				SDKROOT = auto;
				SUPPORTED_PLATFORMS = "iphoneos iphonesimulator macosx";
				SWIFT_EMIT_LOC_STRINGS = YES;
				SWIFT_VERSION = 5.0;
				TARGETED_DEVICE_FAMILY = "1,2";
			};
			name = Release;
		};
		4D30BCE028DB821100733589 /* Debug */ = {
			isa = XCBuildConfiguration;
			buildSettings = {
				ALWAYS_EMBED_SWIFT_STANDARD_LIBRARIES = YES;
				BUNDLE_LOADER = "$(TEST_HOST)";
				CODE_SIGN_STYLE = Automatic;
				CURRENT_PROJECT_VERSION = 1;
				GENERATE_INFOPLIST_FILE = YES;
				IPHONEOS_DEPLOYMENT_TARGET = 16.0;
				MACOSX_DEPLOYMENT_TARGET = 12.3;
				MARKETING_VERSION = 1.0;
				PRODUCT_BUNDLE_IDENTIFIER = kreier.littleCVTests;
				PRODUCT_NAME = "$(TARGET_NAME)";
				SDKROOT = auto;
				SUPPORTED_PLATFORMS = "iphoneos iphonesimulator macosx";
				SWIFT_EMIT_LOC_STRINGS = NO;
				SWIFT_VERSION = 5.0;
				TARGETED_DEVICE_FAMILY = "1,2";
				TEST_HOST = "$(BUILT_PRODUCTS_DIR)/littleCV.app/$(BUNDLE_EXECUTABLE_FOLDER_PATH)/littleCV";
			};
			name = Debug;
		};
		4D30BCE128DB821100733589 /* Release */ = {
			isa = XCBuildConfiguration;
			buildSettings = {
				ALWAYS_EMBED_SWIFT_STANDARD_LIBRARIES = YES;
				BUNDLE_LOADER = "$(TEST_HOST)";
				CODE_SIGN_STYLE = Automatic;
				CURRENT_PROJECT_VERSION = 1;
				GENERATE_INFOPLIST_FILE = YES;
				IPHONEOS_DEPLOYMENT_TARGET = 16.0;
				MACOSX_DEPLOYMENT_TARGET = 12.3;
				MARKETING_VERSION = 1.0;
				PRODUCT_BUNDLE_IDENTIFIER = kreier.littleCVTests;
				PRODUCT_NAME = "$(TARGET_NAME)";
				SDKROOT = auto;
				SUPPORTED_PLATFORMS = "iphoneos iphonesimulator macosx";
				SWIFT_EMIT_LOC_STRINGS = NO;
				SWIFT_VERSION = 5.0;
				TARGETED_DEVICE_FAMILY = "1,2";
				TEST_HOST = "$(BUILT_PRODUCTS_DIR)/littleCV.app/$(BUNDLE_EXECUTABLE_FOLDER_PATH)/littleCV";
			};
			name = Release;
		};
		4D30BCE328DB821100733589 /* Debug */ = {
			isa = XCBuildConfiguration;
			buildSettings = {
				ALWAYS_EMBED_SWIFT_STANDARD_LIBRARIES = YES;
				CODE_SIGN_STYLE = Automatic;
				CURRENT_PROJECT_VERSION = 1;
				GENERATE_INFOPLIST_FILE = YES;
				IPHONEOS_DEPLOYMENT_TARGET = 16.0;
				MACOSX_DEPLOYMENT_TARGET = 12.3;
				MARKETING_VERSION = 1.0;
				PRODUCT_BUNDLE_IDENTIFIER = kreier.littleCVUITests;
				PRODUCT_NAME = "$(TARGET_NAME)";
				SDKROOT = auto;
				SUPPORTED_PLATFORMS = "iphoneos iphonesimulator macosx";
				SWIFT_EMIT_LOC_STRINGS = NO;
				SWIFT_VERSION = 5.0;
				TARGETED_DEVICE_FAMILY = "1,2";
				TEST_TARGET_NAME = littleCV;
			};
			name = Debug;
		};
		4D30BCE428DB821100733589 /* Release */ = {
			isa = XCBuildConfiguration;
			buildSettings = {
				ALWAYS_EMBED_SWIFT_STANDARD_LIBRARIES = YES;
				CODE_SIGN_STYLE = Automatic;
				CURRENT_PROJECT_VERSION = 1;
				GENERATE_INFOPLIST_FILE = YES;
				IPHONEOS_DEPLOYMENT_TARGET = 16.0;
				MACOSX_DEPLOYMENT_TARGET = 12.3;
				MARKETING_VERSION = 1.0;
				PRODUCT_BUNDLE_IDENTIFIER = kreier.littleCVUITests;
				PRODUCT_NAME = "$(TARGET_NAME)";
				SDKROOT = auto;
				SUPPORTED_PLATFORMS = "iphoneos iphonesimulator macosx";
				SWIFT_EMIT_LOC_STRINGS = NO;
				SWIFT_VERSION = 5.0;
				TARGETED_DEVICE_FAMILY = "1,2";
				TEST_TARGET_NAME = littleCV;
			};
			name = Release;
		};
/* End XCBuildConfiguration section */

/* Begin XCConfigurationList section */
		4D30BCB228DB821000733589 /* Build configuration list for PBXProject "littleCV" */ = {
			isa = XCConfigurationList;
			buildConfigurations = (
				4D30BCDA28DB821100733589 /* Debug */,
				4D30BCDB28DB821100733589 /* Release */,
			);
			defaultConfigurationIsVisible = 0;
			defaultConfigurationName = Release;
		};
		4D30BCDC28DB821100733589 /* Build configuration list for PBXNativeTarget "littleCV" */ = {
			isa = XCConfigurationList;
			buildConfigurations = (
				4D30BCDD28DB821100733589 /* Debug */,
				4D30BCDE28DB821100733589 /* Release */,
			);
			defaultConfigurationIsVisible = 0;
			defaultConfigurationName = Release;
		};
		4D30BCDF28DB821100733589 /* Build configuration list for PBXNativeTarget "littleCVTests" */ = {
			isa = XCConfigurationList;
			buildConfigurations = (
				4D30BCE028DB821100733589 /* Debug */,
				4D30BCE128DB821100733589 /* Release */,
			);
			defaultConfigurationIsVisible = 0;
			defaultConfigurationName = Release;
		};
		4D30BCE228DB821100733589 /* Build configuration list for PBXNativeTarget "littleCVUITests" */ = {
			isa = XCConfigurationList;
			buildConfigurations = (
				4D30BCE328DB821100733589 /* Debug */,
				4D30BCE428DB821100733589 /* Release */,
			);
			defaultConfigurationIsVisible = 0;
			defaultConfigurationName = Release;
		};
/* End XCConfigurationList section */
	};
	rootObject = 4D30BCAF28DB821000733589 /* Project object */;
}
